[renv]
Version=0.4.0-21

[R]
Version=3.5.2
Repositories=
	CRAN=https://cran.rstudio.com/

[R/Package/BH]
Package=BH
Version=1.69.0-1
Source=CRAN
Hash=c21ff57827acd7a1e150943fa1264677

[R/Package/BiasedUrn]
Package=BiasedUrn
Version=1.07
Source=CRAN
Hash=8ecca17d4df2b52b8f1d4a6db1216fb2

[R/Package/DBI]
Package=DBI
Version=1.0.0
Source=CRAN
Hash=94e14b1b10cd45c8f57027d484724e4d

[R/Package/DT]
Package=DT
Version=0.7
Source=CRAN
Hash=e1b43098662b5f33b96aae3f3243df9e

[R/Package/DiagrammeR]
Package=DiagrammeR
Version=1.0.1
Source=CRAN
Hash=ae4be8197382772a7d03fb16d9abd4aa

[R/Package/GGally]
Package=GGally
Version=1.4.0
Source=CRAN
Hash=496c45ad6ad9ebf654deb5a2c3b5194c

[R/Package/GPArotation]
Package=GPArotation
Version=2014.11-1
Source=CRAN
Hash=e949526446092d9a50a929e93e5abd52

[R/Package/MASS]
Package=MASS
Version=7.3-51.4
Source=CRAN
Hash=dfd2b1c0b9413c7eadc350505020ee96

[R/Package/MBESS]
Package=MBESS
Version=4.6.0
Source=CRAN
Hash=328c332351b0aa019c1ce23fb753510f

[R/Package/Matrix]
Package=Matrix
Version=1.2-17
Source=CRAN
Hash=b10030fd8c964dbecd79719236d4a668

[R/Package/MatrixModels]
Package=MatrixModels
Version=0.4-1
Source=CRAN
Hash=57e851c86333536e5ac940547c98798a

[R/Package/OpenMx]
Package=OpenMx
Version=2.13.2
Source=CRAN
Hash=f509535edf4427ed30a18c1d16fc6a87

[R/Package/R6]
Package=R6
Version=2.4.0
Source=CRAN
Hash=f542e196103d43e270c2f12769143a4c

[R/Package/RColorBrewer]
Package=RColorBrewer
Version=1.1-2
Source=CRAN
Hash=e12d9efbd8540624beb948405e496adf

[R/Package/RCurl]
Package=RCurl
Version=1.95-4.12
Source=CRAN
Hash=6187bb03ed85df8493b52297710c2416

[R/Package/Rcpp]
Package=Rcpp
Version=1.0.1
Source=CRAN
Hash=afc83bf2a529ebac3a0ac6434772b1c7

[R/Package/RcppEigen]
Package=RcppEigen
Version=0.3.3.5.0
Source=CRAN
Hash=d06160f444aa5a43b9218c0a68e66511

[R/Package/Rook]
Package=Rook
Version=1.1-1
Source=CRAN
Hash=0f07898a220a6804de7753a8b6a446ec

[R/Package/SCRT]
Package=SCRT
Version=1.2.2
Source=CRAN
Hash=1187c0ed6ce408595f8452b99a566941

[R/Package/SparseM]
Package=SparseM
Version=1.77
Source=CRAN
Hash=6d57b2ea7587d4eb7916a6e63e29e055

[R/Package/StanHeaders]
Package=StanHeaders
Version=2.18.1-10
Source=CRAN
Hash=44b2c55dcad49e7093651b8b67e9422e

[R/Package/SuppDists]
Package=SuppDists
Version=1.1-9.4
Source=CRAN
Hash=bf2c3d4f18e0d4a0456ab96f9473a455

[R/Package/XML]
Package=XML
Version=3.98-1.20
Source=CRAN
Hash=daecd6dc8f8b9838ceabf0a9da39d56a

[R/Package/abind]
Package=abind
Version=1.4-5
Source=CRAN
Hash=e3e9be56e0f031ba53142b0119228ac6

[R/Package/arm]
Package=arm
Version=1.10-1
Source=CRAN
Hash=48ab178611b34584430b53df3cf834c3

[R/Package/askpass]
Package=askpass
Version=1.1
Source=CRAN
Hash=8cf7584c364ebfbd3b84154a0fd0c18d

[R/Package/assertthat]
Package=assertthat
Version=0.2.1
Source=CRAN
Hash=2247b53bdc6a80930cc84f85fb0d04e1

[R/Package/backports]
Package=backports
Version=1.1.4
Source=CRAN
Hash=41bcc4f617da2138bedeab2949b22319

[R/Package/base64enc]
Package=base64enc
Version=0.1-3
Source=CRAN
Hash=9e74499ff4cb4233042ed2d5c662423e

[R/Package/bitops]
Package=bitops
Version=1.0-6
Source=CRAN
Hash=5b877c0d718e2324ce03d906f493c464

[R/Package/boot]
Package=boot
Version=1.3-23
Source=CRAN
Hash=4b5050bc42215ed701bda266bfbda46e

[R/Package/brew]
Package=brew
Version=1.0-6
Source=CRAN
Hash=83a95e35c28b386681e1a05f29fae496

[R/Package/broom]
Package=broom
Version=0.5.2
Source=CRAN
Hash=b7b1f5fe445d9f7f50f2ca104c2d50f0

[R/Package/callr]
Package=callr
Version=3.3.0
Source=CRAN
Hash=f0618541770974c7809bbaf5eace016e

[R/Package/car]
Package=car
Version=3.0-3
Source=CRAN
Hash=ad8b6cacb8bea9e97eedd268622f12ff

[R/Package/carData]
Package=carData
Version=3.0-2
Source=CRAN
Hash=71603f543bcfa7f162a30552461973fd

[R/Package/cellranger]
Package=cellranger
Version=1.1.0
Source=CRAN
Hash=641af90204a29039f406800bbbcaccbb

[R/Package/cli]
Package=cli
Version=1.1.0
Source=CRAN
Hash=eedaa1f888777090cdd93d19cb42fdca

[R/Package/clipr]
Package=clipr
Version=0.6.0
Source=CRAN
Hash=5490c3928fef3d47b801bb7a0aa00310

[R/Package/clisymbols]
Package=clisymbols
Version=1.2.0
Source=CRAN
Hash=7d795ad90c9503c6d0e35c8ff2511a21

[R/Package/coda]
Package=coda
Version=0.19-3
Source=CRAN
Hash=2995606773b2dd8847807bde3dd6b9f5

[R/Package/codebook]
Package=codebook
Version=0.8.1
Source=unknown
Hash=2a71aeee655bf59a04954dd91b089ab0

[R/Package/codetools]
Package=codetools
Version=0.2-16
Source=CRAN
Hash=84a41ec1597d8c9ba70dc20246461577

[R/Package/colorspace]
Package=colorspace
Version=1.4-1
Source=CRAN
Hash=705e3eac14c352ff8250ec9c7481c33d

[R/Package/commonmark]
Package=commonmark
Version=1.7
Source=CRAN
Hash=1292628dbd656fd28597cc9c8050333f

[R/Package/crayon]
Package=crayon
Version=1.3.4
Source=CRAN
Hash=84467438184915ca5bbf3279e1a56b44

[R/Package/crosstalk]
Package=crosstalk
Version=1.0.0
Source=CRAN
Hash=6af20710cd4fbb15d35011a15d3c8187

[R/Package/curl]
Package=curl
Version=3.3
Source=CRAN
Hash=aaea072ce2cf5f388446650b475874a8

[R/Package/data.table]
Package=data.table
Version=1.12.2
Source=CRAN
Hash=81fb3d067d9a28e930293e9d7bf90366

[R/Package/data.tree]
Package=data.tree
Version=0.7.8
Source=CRAN
Hash=6ab98a2829ffa84810c0da6fa0c16516

[R/Package/dbplyr]
Package=dbplyr
Version=1.4.2
Source=CRAN
Hash=8bb1b09156ad84ee8dd6cd4ccc935eec

[R/Package/debugme]
Package=debugme
Version=1.1.0
Source=CRAN
Hash=fbabf8c9e07d2cbd597027011b25440c

[R/Package/desc]
Package=desc
Version=1.2.0
Source=CRAN
Hash=d033d9c9763edc1982c096a91dba894f

[R/Package/devtools]
Package=devtools
Version=2.1.0
Source=CRAN
Hash=7d916b726f06f98337e646ab4a2c34a8

[R/Package/digest]
Package=digest
Version=0.6.20
Source=CRAN
Hash=127bc3b1327965a9ebefd75b39815b31

[R/Package/diptest]
Package=diptest
Version=0.75-7
Source=CRAN
Hash=593ff62befc29b0dc88f51c059b0e629

[R/Package/downloader]
Package=downloader
Version=0.4
Source=CRAN
Hash=0335a866d8301e0d528c1851c5458cec

[R/Package/dplyr]
Package=dplyr
Version=0.8.3
Source=CRAN
Hash=3de1a1bdb46250aa206ab67af92dffcf

[R/Package/ellipsis]
Package=ellipsis
Version=0.2.0.1
Source=CRAN
Hash=3cf5c4888a7d3106ca8fdcd44a5fc127

[R/Package/evaluate]
Package=evaluate
Version=0.14
Source=CRAN
Hash=3692c9c25b1811046a5447b885c8fa72

[R/Package/fansi]
Package=fansi
Version=0.4.0
Source=CRAN
Hash=ed266fd17df944c53786d83841c4770f

[R/Package/forcats]
Package=forcats
Version=0.4.0
Source=CRAN
Hash=49d43119d9cb0c40c7fc3848967b5615

[R/Package/foreign]
Package=foreign
Version=0.8-71
Source=CRAN
Hash=c161984777772d695c37665bf2d9a692

[R/Package/formr]
Package=formr
Version=0.8.3
Source=GitHub
RemoteType=github
RemoteHost=api.github.com
RemoteRepo=formr
RemoteUsername=rubenarslan
RemoteRef=feature/session-queueing
RemoteSha=98708b0dd962b15d98f21b0fbee4c36d75fe6c75
Hash=3185cdeba1d3011f09382ddc624607f1

[R/Package/fs]
Package=fs
Version=1.3.1
Source=CRAN
Hash=2e1fdf488812a11818c914027dbd9720

[R/Package/future]
Package=future
Version=1.14.0
Source=CRAN
Hash=baecbf2f9f1f2041091a007fb12c6d36

[R/Package/generics]
Package=generics
Version=0.0.2
Source=CRAN
Hash=ec7ea29aaff6c6403707ca8037de62e2

[R/Package/ggplot2]
Package=ggplot2
Version=3.2.0
Source=CRAN
Hash=2ffe098ac9b2f6d8b88493860db9ccb9

[R/Package/ggrepel]
Package=ggrepel
Version=0.8.1
Source=CRAN
Hash=a121603e05b353dfc8746919e7073e49

[R/Package/ggridges]
Package=ggridges
Version=0.5.1
Source=CRAN
Hash=d953b19544cdf9779f4f8349daa5e41e

[R/Package/gh]
Package=gh
Version=1.0.1
Source=CRAN
Hash=35644e3625636e3508bf03ad7aec9d9c

[R/Package/git2r]
Package=git2r
Version=0.26.1
Source=CRAN
Hash=0ebb90b011ecacc3aa721b35c1ca57d6

[R/Package/globals]
Package=globals
Version=0.12.4
Source=CRAN
Hash=71eb0c3b0e335fd6d360240959d32a77

[R/Package/glue]
Package=glue
Version=1.3.1
Source=CRAN
Hash=9611ef23b274cfa43c85839a183948dc

[R/Package/gridExtra]
Package=gridExtra
Version=2.3
Source=CRAN
Hash=664a4d998cd58c6579078447c8495437

[R/Package/gsl]
Package=gsl
Version=2.1-6
Source=CRAN
Hash=48f0817d5315976447e50cab91c01d16

[R/Package/gtable]
Package=gtable
Version=0.3.0
Source=CRAN
Hash=a20c2bde56b0b3a359ec5e46df1f70af

[R/Package/haven]
Package=haven
Version=2.1.1
Source=CRAN
Hash=6a0c0f5cd9fb37320b48048ca6a72f3b

[R/Package/highlight]
Package=highlight
Version=0.4.7.2
Source=CRAN
Hash=fc70a91a8d19f5ddd2d51316d6c33708

[R/Package/highr]
Package=highr
Version=0.8
Source=CRAN
Hash=b065e59a9c15cb94d07d1390f7e0e81c

[R/Package/hms]
Package=hms
Version=0.5.0
Source=CRAN
Hash=17f5d82faf22ffa743a1f7dbf317ec1f

[R/Package/htmltools]
Package=htmltools
Version=0.3.6
Source=CRAN
Hash=b51a95de8992a1ffae14c4152b66f56e

[R/Package/htmlwidgets]
Package=htmlwidgets
Version=1.3
Source=CRAN
Hash=482765fce33370e4ac314493d9d6c46f

[R/Package/httpuv]
Package=httpuv
Version=1.5.1
Source=CRAN
Hash=172a8ab0ae3be5a209f4abcc57ffa91b

[R/Package/httr]
Package=httr
Version=1.4.0
Source=CRAN
Hash=dacc39276974a4b2342659368a7b623b

[R/Package/igraph]
Package=igraph
Version=1.2.4.1
Source=CRAN
Hash=5bcc5586f731de33b5aee50820e890e6

[R/Package/influenceR]
Package=influenceR
Version=0.1.0
Source=CRAN
Hash=25ce3c4f9b0138bc95ff2dd9cdd7e301

[R/Package/ini]
Package=ini
Version=0.3.1
Source=CRAN
Hash=baac21286fd4364616bd5d380ed9884d

[R/Package/jsonlite]
Package=jsonlite
Version=1.6
Source=CRAN
Hash=9098f8f59907a1180f3a2ff469cd67f2

[R/Package/knitr]
Package=knitr
Version=1.23
Source=CRAN
Hash=fb71a84d974a4742ff9fa25ccd1f727d

[R/Package/labeling]
Package=labeling
Version=0.3
Source=CRAN
Hash=701b56435d3771d042b816ff1abb9944

[R/Package/labelled]
Package=labelled
Version=2.2.1
Source=CRAN
Hash=db67e672c2ff7895114af3ae11b7c141

[R/Package/later]
Package=later
Version=0.8.0
Source=CRAN
Hash=f903869140080b78237cac16e3bcf869

[R/Package/lattice]
Package=lattice
Version=0.20-38
Source=CRAN
Hash=ab950ea929b83c44eeba6ce00e280f9a

[R/Package/lavaan]
Package=lavaan
Version=0.6-4
Source=CRAN
Hash=59faa908b9e1263a87f769d85ef45940

[R/Package/lazyeval]
Package=lazyeval
Version=0.2.2
Source=CRAN
Hash=a230d72a95d16715973ad2ae0664cfc0

[R/Package/likert]
Package=likert
Version=1.3.5
Source=CRAN
Hash=f627d9bf83649b41d775059b8e859ca3

[R/Package/listenv]
Package=listenv
Version=0.7.0
Source=CRAN
Hash=fa321de3a72957f68a2d6506e60a1f8b

[R/Package/lme4]
Package=lme4
Version=1.1-21
Source=CRAN
Hash=171f1a9089d20fb87b120bfdc7e4f61f

[R/Package/lubridate]
Package=lubridate
Version=1.7.4
Source=CRAN
Hash=a029e4bbebf820cb061be3eede251988

[R/Package/magrittr]
Package=magrittr
Version=1.5
Source=CRAN
Hash=1063976a6affe09eb75fc2927b8d4d9d

[R/Package/maptools]
Package=maptools
Version=0.9-5
Source=CRAN
Hash=a5cf159bc6bb480957479e6a19224f35

[R/Package/markdown]
Package=markdown
Version=1.0
Source=CRAN
Hash=3ec4ad858c2d30448b404d44f57f5df0

[R/Package/matrixcalc]
Package=matrixcalc
Version=1.0-3
Source=CRAN
Hash=04f8f885ce092d5a982dde4debadd450

[R/Package/memoise]
Package=memoise
Version=1.1.0
Source=CRAN
Hash=69e69a93c4521440b176fa74be579356

[R/Package/mgcv]
Package=mgcv
Version=1.8-28
Source=CRAN
Hash=c8aff70649e9404675b1bcb1e6bb9488

[R/Package/mi]
Package=mi
Version=1.0
Source=CRAN
Hash=a3b700cdb5fa9bff0e14a2a18ed30bcb

[R/Package/mime]
Package=mime
Version=0.7
Source=CRAN
Hash=094d9b4eee8417a441181cc46ea022a8

[R/Package/miniUI]
Package=miniUI
Version=0.1.1.1
Source=CRAN
Hash=ccac71b1383a92e58aa358f155942ab6

[R/Package/minpack.lm]
Package=minpack.lm
Version=1.2-1
Source=CRAN
Hash=81222e0ea7e480d6c7f442795b693a9b

[R/Package/minqa]
Package=minqa
Version=1.2.4
Source=CRAN
Hash=58353b3d94ed6169c01e048b76ef56d3

[R/Package/mnormt]
Package=mnormt
Version=1.5-5
Source=CRAN
Hash=c7242055a4352b25607dfe2acd3404e8

[R/Package/modelr]
Package=modelr
Version=0.1.4
Source=CRAN
Hash=5d67e611190c0e991419ffe342df0658

[R/Package/munsell]
Package=munsell
Version=0.5.0
Source=CRAN
Hash=504a3c6bd8b5b9c1f4dd9065ead25c9a

[R/Package/mvtnorm]
Package=mvtnorm
Version=1.0-11
Source=CRAN
Hash=fc63d45e5bc48242f521be18a245fccb

[R/Package/nlme]
Package=nlme
Version=3.1-140
Source=CRAN
Hash=0a2be7b79fb1816e154c491bb520e3e7

[R/Package/nloptr]
Package=nloptr
Version=1.2.1
Source=CRAN
Hash=ffd3c6567d042312e707660b09f512e9

[R/Package/nnet]
Package=nnet
Version=7.3-12
Source=CRAN
Hash=c1c971424a8272bf9c4855c3655b4f2f

[R/Package/numDeriv]
Package=numDeriv
Version=2016.8-1.1
Source=CRAN
Hash=31d9275805807db8435864979cef7ab5

[R/Package/openssl]
Package=openssl
Version=1.4
Source=CRAN
Hash=e42edb03486696dd1ad538729e98f3a3

[R/Package/openxlsx]
Package=openxlsx
Version=4.1.0.1
Source=CRAN
Hash=c747efd9e394d586d9c50c758dc9db3a

[R/Package/packrat]
Package=packrat
Version=0.5.0
Source=CRAN
Hash=3b771733a0e4160d25551f10c4b88943

[R/Package/pander]
Package=pander
Version=0.6.3
Source=CRAN
Hash=72fde0125d8757770895316c9115edaf

[R/Package/parsedate]
Package=parsedate
Version=1.2.0
Source=CRAN
Hash=15f765511a1c061a25247a9bd480464d

[R/Package/pbivnorm]
Package=pbivnorm
Version=0.6.0
Source=CRAN
Hash=95bf6c7f6e9ec97c60f09c480d9898c4

[R/Package/pbkrtest]
Package=pbkrtest
Version=0.4-7
Source=CRAN
Hash=a015f51fee4516978631574a81c2a236

[R/Package/pillar]
Package=pillar
Version=1.4.2
Source=CRAN
Hash=7ba4fa330b1453d8fb8e69ad068552c8

[R/Package/pingr]
Package=pingr
Version=1.1.2
Source=CRAN
Hash=4c28bf11556f50a07e453ad24c3eb2dd

[R/Package/pkgbuild]
Package=pkgbuild
Version=1.0.3
Source=CRAN
Hash=5b0f611ba54b48dc4855800ded2b401e

[R/Package/pkgconfig]
Package=pkgconfig
Version=2.0.2
Source=CRAN
Hash=cb8f27ad9e671904636c04acd56131f0

[R/Package/pkgdown]
Package=pkgdown
Version=1.3.0
Source=CRAN
Hash=cf48254e69cc47977ded57363aaa46e8

[R/Package/pkgload]
Package=pkgload
Version=1.0.2
Source=CRAN
Hash=05fc6d91ef1820c65c961696fb90ef4c

[R/Package/plogr]
Package=plogr
Version=0.2.0
Source=CRAN
Hash=a99927b0b9c09008dd207da128bb050f

[R/Package/plyr]
Package=plyr
Version=1.8.4
Source=CRAN
Hash=22a149ed250857f9159e7ed078ea94a6

[R/Package/png]
Package=png
Version=0.1-7
Source=CRAN
Hash=ef32889065e818c2331e9f43b7e20bac

[R/Package/praise]
Package=praise
Version=1.0.0
Source=CRAN
Hash=12eeb7b35cd1d786ef1421eb3e70cbd4

[R/Package/prettyunits]
Package=prettyunits
Version=1.0.2
Source=CRAN
Hash=d6f0227d29f17a4a8a73bbad025adab5

[R/Package/processx]
Package=processx
Version=3.4.0
Source=CRAN
Hash=f8fe9ceae6d2214d8a9f5c13066b5165

[R/Package/progress]
Package=progress
Version=1.2.2
Source=CRAN
Hash=11a8e4fda623ee20d4bb94c8ba1ca1cc

[R/Package/promises]
Package=promises
Version=1.0.1
Source=CRAN
Hash=7288c7de35370404d6c2bcfabac48c3c

[R/Package/ps]
Package=ps
Version=1.3.0
Source=CRAN
Hash=4a21b2c9033d140e122ed23d16592f22

[R/Package/psych]
Package=psych
Version=1.8.12
Source=CRAN
Hash=022c3233e0097a620eae4f22e5e08aff

[R/Package/purrr]
Package=purrr
Version=0.3.2
Source=CRAN
Hash=27e0729a3fe0e9a66f6a53f677dda4f8

[R/Package/pwr]
Package=pwr
Version=1.2-2
Source=CRAN
Hash=9de79405b7927cb75b4f8844de048076

[R/Package/quantreg]
Package=quantreg
Version=5.41
Source=CRAN
Hash=04768d3aa2ae22987439cd19080bd75a

[R/Package/rappdirs]
Package=rappdirs
Version=0.3.1
Source=CRAN
Hash=48312ab82b6c1602b83211ee500f783d

[R/Package/rcmdcheck]
Package=rcmdcheck
Version=1.3.3
Source=CRAN
Hash=f57e186b2cb68d46e49d4ebb47f6f5a9

[R/Package/readr]
Package=readr
Version=1.3.1
Source=CRAN
Hash=2611ed0db33c461567329314edd04bc5

[R/Package/readxl]
Package=readxl
Version=1.3.1
Source=CRAN
Hash=ed486d4862f0f4b7eced259ac289eda8

[R/Package/rematch]
Package=rematch
Version=1.0.1
Source=CRAN
Hash=a64ac0bf7d11782324b6d3acb62f7760

[R/Package/rematch2]
Package=rematch2
Version=2.1.0
Source=CRAN
Hash=2543995c00725256a77ae474cdc62616

[R/Package/remotes]
Package=remotes
Version=2.1.0
Source=CRAN
Hash=391137cb28d3d0dac10d7dc5e9d3ebb3

[R/Package/reprex]
Package=reprex
Version=0.3.0
Source=CRAN
Hash=c3bb774c154b8c0a1f923c24ac6ffa02

[R/Package/reshape]
Package=reshape
Version=0.8.8
Source=CRAN
Hash=2d6fd187fe89c43270ca7622a5aba76b

[R/Package/reshape2]
Package=reshape2
Version=1.4.3
Source=CRAN
Hash=431389bf4e0708ebafb1dec474f3cba8

[R/Package/rgexf]
Package=rgexf
Version=0.15.3
Source=CRAN
Hash=7df90eeb1c5f75f2d359185ba6fa84d9

[R/Package/rhub]
Package=rhub
Version=1.1.1
Source=CRAN
Hash=54895031bf3627186766dfe370954013

[R/Package/rio]
Package=rio
Version=0.5.16
Source=CRAN
Hash=822669dcd38e4444efd3c8fbdf7fd57d

[R/Package/rlang]
Package=rlang
Version=0.4.0
Source=CRAN
Hash=260058073e549fe66412da19f1aef25b

[R/Package/rmarkdown]
Package=rmarkdown
Version=1.14
Source=CRAN
Hash=648725e2a5d30050f822544a2d792b83

[R/Package/rmdpartials]
Package=rmdpartials
Version=0.2.0
Source=GitHub
RemoteType=github
RemoteHost=api.github.com
RemoteRepo=rmdpartials
RemoteUsername=rubenarslan
RemoteRef=master
RemoteSha=814dc66c4521b89156f784f8fb1142b64f8c52cd
Hash=be70ee1079c0dd865f4037dc0db8d9d6

[R/Package/roxygen2]
Package=roxygen2
Version=6.1.1
Source=CRAN
Hash=1f89f067e58d62d462b38e098fdff8b6

[R/Package/rpf]
Package=rpf
Version=0.62
Source=CRAN
Hash=c6aca1dc6dc5251f0ab6a323bf0e7c0f

[R/Package/rprojroot]
Package=rprojroot
Version=1.3-2
Source=CRAN
Hash=e6c60a758ed15027bf9ba44701d2e01d

[R/Package/rsconnect]
Package=rsconnect
Version=0.8.13
Source=CRAN
Hash=f437eac1384130b8beee4f6d02e78bf6

[R/Package/rstudioapi]
Package=rstudioapi
Version=0.10
Source=CRAN
Hash=7017924bdb0eb5bc313f4dae2352e65a

[R/Package/rversions]
Package=rversions
Version=2.0.0
Source=CRAN
Hash=0158bd9830f72b200b68ca200c74f7bb

[R/Package/rvest]
Package=rvest
Version=0.3.4
Source=CRAN
Hash=0314f1584404c89fed9867ceb51c56b3

[R/Package/scales]
Package=scales
Version=1.0.0
Source=CRAN
Hash=55f0078e1e49c799686b5cb57f886087

[R/Package/selectr]
Package=selectr
Version=0.4-1
Source=CRAN
Hash=a7129d8308a220ff96d9d994d7f12767

[R/Package/sem]
Package=sem
Version=3.1-9
Source=CRAN
Hash=f1bb44610ad833f6f2fbe00b49fddc90

[R/Package/semTools]
Package=semTools
Version=0.5-1
Source=CRAN
Hash=68018b7e80364741d9f26882a529f31d

[R/Package/sessioninfo]
Package=sessioninfo
Version=1.1.1
Source=CRAN
Hash=c756eca9ff3fa1036cda98ac151e8387

[R/Package/shiny]
Package=shiny
Version=1.3.2
Source=CRAN
Hash=c7492473757ae2186b14dfefc9c491c6

[R/Package/shinytest]
Package=shinytest
Version=1.3.1
Source=CRAN
Hash=d3bf663eed8354c6272a4f7534aaf18f

[R/Package/showimage]
Package=showimage
Version=1.0.0
Source=CRAN
Hash=46b96ff514ff7f120186c22140af4508

[R/Package/skimr]
Package=skimr
Version=1.0.7
Source=CRAN
Hash=ef4063011cecff55d1824a4fe7bdaad5

[R/Package/sourcetools]
Package=sourcetools
Version=0.1.7
Source=CRAN
Hash=78d8b58ebdba4de65b6d07770ae18f8c

[R/Package/sp]
Package=sp
Version=1.3-1
Source=CRAN
Hash=06f4b195f895e0557eb715dcf7e033b7

[R/Package/stringi]
Package=stringi
Version=1.4.3
Source=CRAN
Hash=173c63cf8b9f876dba8b2984ce7a65d7

[R/Package/stringr]
Package=stringr
Version=1.4.0
Source=CRAN
Hash=813b06afd70ca31c1071395d49346b89

[R/Package/sys]
Package=sys
Version=3.2
Source=CRAN
Hash=fbd1f0866d1755b814c741006ef39a44

[R/Package/testthat]
Package=testthat
Version=2.1.1
Source=CRAN
Hash=1507af14e186fbff302183807dea4fd7

[R/Package/tibble]
Package=tibble
Version=2.1.3
Source=CRAN
Hash=5c9738ae12a6d352b0b0477dc023f473

[R/Package/tidyr]
Package=tidyr
Version=0.8.3
Source=CRAN
Hash=4cbf3f2ffac9ac51eef66c13bcd0f222

[R/Package/tidyselect]
Package=tidyselect
Version=0.2.5
Source=CRAN
Hash=40aceb5150e00cfe7a4999b4672cf614

[R/Package/tidyverse]
Package=tidyverse
Version=1.2.1
Source=CRAN
Hash=ed06631956271b1fd125d30ca18d3dab

[R/Package/tinytex]
Package=tinytex
Version=0.14
Source=CRAN
Hash=8e6b0b0f79a8bca0e1b8346808632f69

[R/Package/ufs]
Package=ufs
Version=0.2.0
Source=CRAN
Hash=64d4bf80955681ed1ee7a7141d83a72d

[R/Package/userfriendlyscience]
Package=userfriendlyscience
Version=0.7.2
Source=CRAN
Hash=544bf9848d17c864eba65cbb192ac668

[R/Package/usethis]
Package=usethis
Version=1.5.1
Source=CRAN
Hash=fca88db6b5921a7ad21152e561d11a7d

[R/Package/utf8]
Package=utf8
Version=1.1.4
Source=CRAN
Hash=6399c80981358af7b39c217c72f22785

[R/Package/uuid]
Package=uuid
Version=0.1-2
Source=CRAN
Hash=277fab2e985d591298ea1fa400e884d8

[R/Package/vctrs]
Package=vctrs
Version=0.2.0
Source=CRAN
Hash=ec806db8a9ac56452c739cbe36ab71f2

[R/Package/viridis]
Package=viridis
Version=0.5.1
Source=CRAN
Hash=843854d5994486b476793d01830a1cd4

[R/Package/viridisLite]
Package=viridisLite
Version=0.3.0
Source=CRAN
Hash=732c3dabc42bce1fafb5d286184804c6

[R/Package/visNetwork]
Package=visNetwork
Version=2.0.7
Source=CRAN
Hash=9b55e24cf33625cb234349027369bc00

[R/Package/webdriver]
Package=webdriver
Version=1.0.5
Source=CRAN
Hash=479f8556f68d3c62aba092b99e55a728

[R/Package/webshot]
Package=webshot
Version=0.5.1
Source=CRAN
Hash=3468b1884a375c73cdb6908224c11278

[R/Package/whisker]
Package=whisker
Version=0.3-2
Source=CRAN
Hash=cf13162701dd6681e36c1ea115deb545

[R/Package/whoami]
Package=whoami
Version=1.3.0
Source=CRAN
Hash=02826713bd3c584da35602997bdc033a

[R/Package/withr]
Package=withr
Version=2.1.2
Source=CRAN
Hash=844aae4b78fac8f6ed2541cde1facdb3

[R/Package/xfun]
Package=xfun
Version=0.8
Source=CRAN
Hash=1eb9bc2f6c67a1b11eb8e9631498ca67

[R/Package/xml2]
Package=xml2
Version=1.2.0
Source=CRAN
Hash=db809854a56ab0487ae935259e53a631

[R/Package/xopen]
Package=xopen
Version=1.0.0
Source=CRAN
Hash=cd708a0f4e3f7b00fc7937e4dbe4c6d6

[R/Package/xtable]
Package=xtable
Version=1.8-4
Source=CRAN
Hash=e9e84aa1396826d8671e25862ced7763

[R/Package/yaml]
Package=yaml
Version=2.2.0
Source=CRAN
Hash=9db4f908886820b37f76b5ecc52c76e6

[R/Package/zeallot]
Package=zeallot
Version=0.1.0
Source=CRAN
Hash=51d0973c2f935cae2e50e6687e2bd90b

[R/Package/zip]
Package=zip
Version=2.0.3
Source=CRAN
Hash=6e43f76d30741898e8052caa686c2ce0

